// !$*UTF8*$!
{
	archiveVersion = 1;
	classes = {
	};
	objectVersion = 51;
	objects = {

/* Begin PBXBuildFile section */
		5FC2319D8B1130DAAD03C13F /* Pods_custom_view_examples.framework in Frameworks */ = {isa = PBXBuildFile; fileRef = C40171A6111587027ED9EAA2 /* Pods_custom_view_examples.framework */; };
		82117F03282CE8F7001DFC2F /* InfoButtonsBarView.swift in Sources */ = {isa = PBXBuildFile; fileRef = 82117F02282CE8F7001DFC2F /* InfoButtonsBarView.swift */; };
		82117F09282CF1EB001DFC2F /* ImageButton.swift in Sources */ = {isa = PBXBuildFile; fileRef = 82117F08282CF1EB001DFC2F /* ImageButton.swift */; };
		8254148A282E4638002520D6 /* InfoRecommendationView.swift in Sources */ = {isa = PBXBuildFile; fileRef = 82541489282E4638002520D6 /* InfoRecommendationView.swift */; };
		8254148F282E4714002520D6 /* MovieCell.swift in Sources */ = {isa = PBXBuildFile; fileRef = 8254148E282E4714002520D6 /* MovieCell.swift */; };
		82541492282E4733002520D6 /* BaseCell.swift in Sources */ = {isa = PBXBuildFile; fileRef = 82541491282E4733002520D6 /* BaseCell.swift */; };
		82541495282E4770002520D6 /* ImageViewEXT.swift in Sources */ = {isa = PBXBuildFile; fileRef = 82541494282E4770002520D6 /* ImageViewEXT.swift */; };
		82541498282E4788002520D6 /* SpinnerView.swift in Sources */ = {isa = PBXBuildFile; fileRef = 82541497282E4788002520D6 /* SpinnerView.swift */; };
		825414A2282E7429002520D6 /* DropdownListView.swift in Sources */ = {isa = PBXBuildFile; fileRef = 825414A1282E7429002520D6 /* DropdownListView.swift */; };
		825414AC282E9127002520D6 /* DrowdownTableViewCell.swift in Sources */ = {isa = PBXBuildFile; fileRef = 825414AB282E9127002520D6 /* DrowdownTableViewCell.swift */; };
		8257775E282BD9AE001695B6 /* DescriptionTextView.swift in Sources */ = {isa = PBXBuildFile; fileRef = 8257775D282BD9AD001695B6 /* DescriptionTextView.swift */; };
		82577762282BFF79001695B6 /* MovieAdditionalInfoView.swift in Sources */ = {isa = PBXBuildFile; fileRef = 82577761282BFF79001695B6 /* MovieAdditionalInfoView.swift */; };
		82577765282C0098001695B6 /* MovieAdditionalInfoTextView.swift in Sources */ = {isa = PBXBuildFile; fileRef = 82577764282C0098001695B6 /* MovieAdditionalInfoTextView.swift */; };
		82649FBB2826A9F400600880 /* DetailedInfoView.swift in Sources */ = {isa = PBXBuildFile; fileRef = 82649FBA2826A9F400600880 /* DetailedInfoView.swift */; };
		827906212825135E000BA6AA /* Constants.swift in Sources */ = {isa = PBXBuildFile; fileRef = 827906202825135E000BA6AA /* Constants.swift */; };
		827906262825139F000BA6AA /* Extensions.swift in Sources */ = {isa = PBXBuildFile; fileRef = 827906252825139F000BA6AA /* Extensions.swift */; };
		8279062B282537B8000BA6AA /* BasicInfoView.swift in Sources */ = {isa = PBXBuildFile; fileRef = 8279062A282537B8000BA6AA /* BasicInfoView.swift */; };
		8279063128253CFB000BA6AA /* MainInfoView.swift in Sources */ = {isa = PBXBuildFile; fileRef = 8279063028253CFB000BA6AA /* MainInfoView.swift */; };
		827906352825447B000BA6AA /* UIViewController+Preview.swift in Sources */ = {isa = PBXBuildFile; fileRef = 827906342825447B000BA6AA /* UIViewController+Preview.swift */; };
		827906382825448B000BA6AA /* UIView+Preview.swift in Sources */ = {isa = PBXBuildFile; fileRef = 827906372825448B000BA6AA /* UIView+Preview.swift */; };
		8279063B28254841000BA6AA /* MovieTypeLabel.swift in Sources */ = {isa = PBXBuildFile; fileRef = 8279063A28254841000BA6AA /* MovieTypeLabel.swift */; };
		8279064128254D96000BA6AA /* Roboto-Light.ttf in Resources */ = {isa = PBXBuildFile; fileRef = 8279063E28254D96000BA6AA /* Roboto-Light.ttf */; };
		8279064228254D96000BA6AA /* Roboto-Thin.ttf in Resources */ = {isa = PBXBuildFile; fileRef = 8279063F28254D96000BA6AA /* Roboto-Thin.ttf */; };
		8279064328254D97000BA6AA /* Roboto-Medium.ttf in Resources */ = {isa = PBXBuildFile; fileRef = 8279064028254D96000BA6AA /* Roboto-Medium.ttf */; };
		8279064628254EB1000BA6AA /* MovieTitleLabel.swift in Sources */ = {isa = PBXBuildFile; fileRef = 8279064528254EB1000BA6AA /* MovieTitleLabel.swift */; };
		82790649282551FD000BA6AA /* MovieYearLabel.swift in Sources */ = {isa = PBXBuildFile; fileRef = 82790648282551FD000BA6AA /* MovieYearLabel.swift */; };
		8279064C28255254000BA6AA /* MovieAgeLabel.swift in Sources */ = {isa = PBXBuildFile; fileRef = 8279064B28255254000BA6AA /* MovieAgeLabel.swift */; };
		8279064F282552D6000BA6AA /* MovieQualityLabel.swift in Sources */ = {isa = PBXBuildFile; fileRef = 8279064E282552D6000BA6AA /* MovieQualityLabel.swift */; };
		82790652282553B0000BA6AA /* KPRatingLabel.swift in Sources */ = {isa = PBXBuildFile; fileRef = 82790651282553B0000BA6AA /* KPRatingLabel.swift */; };
		8279065528255702000BA6AA /* KPRatingGradientView.swift in Sources */ = {isa = PBXBuildFile; fileRef = 8279065428255702000BA6AA /* KPRatingGradientView.swift */; };
		8279065C28256DE1000BA6AA /* KPRatingView.swift in Sources */ = {isa = PBXBuildFile; fileRef = 8279065B28256DE1000BA6AA /* KPRatingView.swift */; };
		8279065F2825704A000BA6AA /* ImdbRatingLabel.swift in Sources */ = {isa = PBXBuildFile; fileRef = 8279065E2825704A000BA6AA /* ImdbRatingLabel.swift */; };
		8279066228257121000BA6AA /* MovieDurationLabel.swift in Sources */ = {isa = PBXBuildFile; fileRef = 8279066128257121000BA6AA /* MovieDurationLabel.swift */; };
		82790665282573B5000BA6AA /* MovieHighlightsView.swift in Sources */ = {isa = PBXBuildFile; fileRef = 82790664282573B5000BA6AA /* MovieHighlightsView.swift */; };
		82790668282573E3000BA6AA /* FilmHighlightsView.swift in Sources */ = {isa = PBXBuildFile; fileRef = 82790667282573E3000BA6AA /* FilmHighlightsView.swift */; };
		82A378CB2823E0FD00ADB687 /* AppDelegate.swift in Sources */ = {isa = PBXBuildFile; fileRef = 82A378CA2823E0FD00ADB687 /* AppDelegate.swift */; };
		82A378CD2823E0FD00ADB687 /* SceneDelegate.swift in Sources */ = {isa = PBXBuildFile; fileRef = 82A378CC2823E0FD00ADB687 /* SceneDelegate.swift */; };
		82A378CF2823E0FD00ADB687 /* ViewController.swift in Sources */ = {isa = PBXBuildFile; fileRef = 82A378CE2823E0FD00ADB687 /* ViewController.swift */; };
		82A378D42823E0FF00ADB687 /* Assets.xcassets in Resources */ = {isa = PBXBuildFile; fileRef = 82A378D32823E0FF00ADB687 /* Assets.xcassets */; };
		82A378D72823E0FF00ADB687 /* LaunchScreen.storyboard in Resources */ = {isa = PBXBuildFile; fileRef = 82A378D52823E0FF00ADB687 /* LaunchScreen.storyboard */; };
/* End PBXBuildFile section */

/* Begin PBXFileReference section */
		38B0314699661BBCC4F51A0D /* Pods-custom_view_examples.release.xcconfig */ = {isa = PBXFileReference; includeInIndex = 1; lastKnownFileType = text.xcconfig; name = "Pods-custom_view_examples.release.xcconfig"; path = "Target Support Files/Pods-custom_view_examples/Pods-custom_view_examples.release.xcconfig"; sourceTree = "<group>"; };
		700D22BDB2DB0A27B70760F5 /* Pods-custom_view_examples.debug.xcconfig */ = {isa = PBXFileReference; includeInIndex = 1; lastKnownFileType = text.xcconfig; name = "Pods-custom_view_examples.debug.xcconfig"; path = "Target Support Files/Pods-custom_view_examples/Pods-custom_view_examples.debug.xcconfig"; sourceTree = "<group>"; };
		82117F02282CE8F7001DFC2F /* InfoButtonsBarView.swift */ = {isa = PBXFileReference; lastKnownFileType = sourcecode.swift; path = InfoButtonsBarView.swift; sourceTree = "<group>"; };
		82117F08282CF1EB001DFC2F /* ImageButton.swift */ = {isa = PBXFileReference; lastKnownFileType = sourcecode.swift; path = ImageButton.swift; sourceTree = "<group>"; };
		82541489282E4638002520D6 /* InfoRecommendationView.swift */ = {isa = PBXFileReference; lastKnownFileType = sourcecode.swift; path = InfoRecommendationView.swift; sourceTree = "<group>"; };
		8254148E282E4714002520D6 /* MovieCell.swift */ = {isa = PBXFileReference; fileEncoding = 4; lastKnownFileType = sourcecode.swift; path = MovieCell.swift; sourceTree = "<group>"; };
		82541491282E4733002520D6 /* BaseCell.swift */ = {isa = PBXFileReference; fileEncoding = 4; lastKnownFileType = sourcecode.swift; path = BaseCell.swift; sourceTree = "<group>"; };
		82541494282E4770002520D6 /* ImageViewEXT.swift */ = {isa = PBXFileReference; fileEncoding = 4; lastKnownFileType = sourcecode.swift; path = ImageViewEXT.swift; sourceTree = "<group>"; };
		82541497282E4788002520D6 /* SpinnerView.swift */ = {isa = PBXFileReference; fileEncoding = 4; lastKnownFileType = sourcecode.swift; path = SpinnerView.swift; sourceTree = "<group>"; };
		825414A1282E7429002520D6 /* DropdownListView.swift */ = {isa = PBXFileReference; lastKnownFileType = sourcecode.swift; path = DropdownListView.swift; sourceTree = "<group>"; };
		825414AB282E9127002520D6 /* DrowdownTableViewCell.swift */ = {isa = PBXFileReference; lastKnownFileType = sourcecode.swift; path = DrowdownTableViewCell.swift; sourceTree = "<group>"; };
		8257775D282BD9AD001695B6 /* DescriptionTextView.swift */ = {isa = PBXFileReference; lastKnownFileType = sourcecode.swift; path = DescriptionTextView.swift; sourceTree = "<group>"; };
		82577761282BFF79001695B6 /* MovieAdditionalInfoView.swift */ = {isa = PBXFileReference; lastKnownFileType = sourcecode.swift; path = MovieAdditionalInfoView.swift; sourceTree = "<group>"; };
		82577764282C0098001695B6 /* MovieAdditionalInfoTextView.swift */ = {isa = PBXFileReference; lastKnownFileType = sourcecode.swift; path = MovieAdditionalInfoTextView.swift; sourceTree = "<group>"; };
		82649FBA2826A9F400600880 /* DetailedInfoView.swift */ = {isa = PBXFileReference; lastKnownFileType = sourcecode.swift; path = DetailedInfoView.swift; sourceTree = "<group>"; };
		827906202825135E000BA6AA /* Constants.swift */ = {isa = PBXFileReference; lastKnownFileType = sourcecode.swift; path = Constants.swift; sourceTree = "<group>"; };
		827906252825139F000BA6AA /* Extensions.swift */ = {isa = PBXFileReference; lastKnownFileType = sourcecode.swift; path = Extensions.swift; sourceTree = "<group>"; };
		8279062A282537B8000BA6AA /* BasicInfoView.swift */ = {isa = PBXFileReference; lastKnownFileType = sourcecode.swift; path = BasicInfoView.swift; sourceTree = "<group>"; };
		8279063028253CFB000BA6AA /* MainInfoView.swift */ = {isa = PBXFileReference; lastKnownFileType = sourcecode.swift; path = MainInfoView.swift; sourceTree = "<group>"; };
		827906342825447B000BA6AA /* UIViewController+Preview.swift */ = {isa = PBXFileReference; lastKnownFileType = sourcecode.swift; path = "UIViewController+Preview.swift"; sourceTree = "<group>"; };
		827906372825448B000BA6AA /* UIView+Preview.swift */ = {isa = PBXFileReference; lastKnownFileType = sourcecode.swift; path = "UIView+Preview.swift"; sourceTree = "<group>"; };
		8279063A28254841000BA6AA /* MovieTypeLabel.swift */ = {isa = PBXFileReference; lastKnownFileType = sourcecode.swift; path = MovieTypeLabel.swift; sourceTree = "<group>"; };
		8279063E28254D96000BA6AA /* Roboto-Light.ttf */ = {isa = PBXFileReference; lastKnownFileType = file; path = "Roboto-Light.ttf"; sourceTree = "<group>"; };
		8279063F28254D96000BA6AA /* Roboto-Thin.ttf */ = {isa = PBXFileReference; lastKnownFileType = file; path = "Roboto-Thin.ttf"; sourceTree = "<group>"; };
		8279064028254D96000BA6AA /* Roboto-Medium.ttf */ = {isa = PBXFileReference; lastKnownFileType = file; path = "Roboto-Medium.ttf"; sourceTree = "<group>"; };
		8279064528254EB1000BA6AA /* MovieTitleLabel.swift */ = {isa = PBXFileReference; lastKnownFileType = sourcecode.swift; path = MovieTitleLabel.swift; sourceTree = "<group>"; };
		82790648282551FD000BA6AA /* MovieYearLabel.swift */ = {isa = PBXFileReference; lastKnownFileType = sourcecode.swift; path = MovieYearLabel.swift; sourceTree = "<group>"; };
		8279064B28255254000BA6AA /* MovieAgeLabel.swift */ = {isa = PBXFileReference; lastKnownFileType = sourcecode.swift; path = MovieAgeLabel.swift; sourceTree = "<group>"; };
		8279064E282552D6000BA6AA /* MovieQualityLabel.swift */ = {isa = PBXFileReference; lastKnownFileType = sourcecode.swift; path = MovieQualityLabel.swift; sourceTree = "<group>"; };
		82790651282553B0000BA6AA /* KPRatingLabel.swift */ = {isa = PBXFileReference; lastKnownFileType = sourcecode.swift; path = KPRatingLabel.swift; sourceTree = "<group>"; };
		8279065428255702000BA6AA /* KPRatingGradientView.swift */ = {isa = PBXFileReference; lastKnownFileType = sourcecode.swift; path = KPRatingGradientView.swift; sourceTree = "<group>"; };
		8279065B28256DE1000BA6AA /* KPRatingView.swift */ = {isa = PBXFileReference; lastKnownFileType = sourcecode.swift; path = KPRatingView.swift; sourceTree = "<group>"; };
		8279065E2825704A000BA6AA /* ImdbRatingLabel.swift */ = {isa = PBXFileReference; lastKnownFileType = sourcecode.swift; path = ImdbRatingLabel.swift; sourceTree = "<group>"; };
		8279066128257121000BA6AA /* MovieDurationLabel.swift */ = {isa = PBXFileReference; lastKnownFileType = sourcecode.swift; path = MovieDurationLabel.swift; sourceTree = "<group>"; };
		82790664282573B5000BA6AA /* MovieHighlightsView.swift */ = {isa = PBXFileReference; lastKnownFileType = sourcecode.swift; path = MovieHighlightsView.swift; sourceTree = "<group>"; };
		82790667282573E3000BA6AA /* FilmHighlightsView.swift */ = {isa = PBXFileReference; lastKnownFileType = sourcecode.swift; path = FilmHighlightsView.swift; sourceTree = "<group>"; };
		82A378C72823E0FD00ADB687 /* custom_view_examples.app */ = {isa = PBXFileReference; explicitFileType = wrapper.application; includeInIndex = 0; path = custom_view_examples.app; sourceTree = BUILT_PRODUCTS_DIR; };
		82A378CA2823E0FD00ADB687 /* AppDelegate.swift */ = {isa = PBXFileReference; lastKnownFileType = sourcecode.swift; path = AppDelegate.swift; sourceTree = "<group>"; };
		82A378CC2823E0FD00ADB687 /* SceneDelegate.swift */ = {isa = PBXFileReference; lastKnownFileType = sourcecode.swift; path = SceneDelegate.swift; sourceTree = "<group>"; };
		82A378CE2823E0FD00ADB687 /* ViewController.swift */ = {isa = PBXFileReference; lastKnownFileType = sourcecode.swift; path = ViewController.swift; sourceTree = "<group>"; };
		82A378D32823E0FF00ADB687 /* Assets.xcassets */ = {isa = PBXFileReference; lastKnownFileType = folder.assetcatalog; path = Assets.xcassets; sourceTree = "<group>"; };
		82A378D62823E0FF00ADB687 /* Base */ = {isa = PBXFileReference; lastKnownFileType = file.storyboard; name = Base; path = Base.lproj/LaunchScreen.storyboard; sourceTree = "<group>"; };
		82A378D82823E0FF00ADB687 /* Info.plist */ = {isa = PBXFileReference; lastKnownFileType = text.plist.xml; path = Info.plist; sourceTree = "<group>"; };
		C40171A6111587027ED9EAA2 /* Pods_custom_view_examples.framework */ = {isa = PBXFileReference; explicitFileType = wrapper.framework; includeInIndex = 0; path = Pods_custom_view_examples.framework; sourceTree = BUILT_PRODUCTS_DIR; };
/* End PBXFileReference section */

/* Begin PBXFrameworksBuildPhase section */
		82A378C42823E0FD00ADB687 /* Frameworks */ = {
			isa = PBXFrameworksBuildPhase;
			buildActionMask = 2147483647;
			files = (
				5FC2319D8B1130DAAD03C13F /* Pods_custom_view_examples.framework in Frameworks */,
			);
			runOnlyForDeploymentPostprocessing = 0;
		};
/* End PBXFrameworksBuildPhase section */

/* Begin PBXGroup section */
		82117F01282CE8CF001DFC2F /* InfoButtonsBarView */ = {
			isa = PBXGroup;
			children = (
				82117F07282CF19F001DFC2F /* InfoButtonsBarSubviews */,
				82117F02282CE8F7001DFC2F /* InfoButtonsBarView.swift */,
			);
			path = InfoButtonsBarView;
			sourceTree = "<group>";
		};
		82117F07282CF19F001DFC2F /* InfoButtonsBarSubviews */ = {
			isa = PBXGroup;
			children = (
				82117F08282CF1EB001DFC2F /* ImageButton.swift */,
			);
			path = InfoButtonsBarSubviews;
			sourceTree = "<group>";
		};
		82541488282E4602002520D6 /* AdditionalInfoSubviews */ = {
			isa = PBXGroup;
			children = (
				8254148D282E46ED002520D6 /* InfoRecommendationSubviews */,
				82541489282E4638002520D6 /* InfoRecommendationView.swift */,
			);
			path = AdditionalInfoSubviews;
			sourceTree = "<group>";
		};
		8254148D282E46ED002520D6 /* InfoRecommendationSubviews */ = {
			isa = PBXGroup;
			children = (
				8254148E282E4714002520D6 /* MovieCell.swift */,
				82541494282E4770002520D6 /* ImageViewEXT.swift */,
				82541497282E4788002520D6 /* SpinnerView.swift */,
				82541491282E4733002520D6 /* BaseCell.swift */,
			);
			path = InfoRecommendationSubviews;
			sourceTree = "<group>";
		};
		825414A0282E7416002520D6 /* DropdownListView */ = {
			isa = PBXGroup;
			children = (
				825414A5282E86DC002520D6 /* DropdownListSubviews */,
				825414A1282E7429002520D6 /* DropdownListView.swift */,
			);
			path = DropdownListView;
			sourceTree = "<group>";
		};
		825414A5282E86DC002520D6 /* DropdownListSubviews */ = {
			isa = PBXGroup;
			children = (
				825414AB282E9127002520D6 /* DrowdownTableViewCell.swift */,
			);
			path = DropdownListSubviews;
			sourceTree = "<group>";
		};
		82649FB92826A9CB00600880 /* DetailedInfoView */ = {
			isa = PBXGroup;
			children = (
				82649FBE2826AE4700600880 /* DetailedInfoSubviews */,
				82649FBA2826A9F400600880 /* DetailedInfoView.swift */,
			);
			path = DetailedInfoView;
			sourceTree = "<group>";
		};
		82649FBE2826AE4700600880 /* DetailedInfoSubviews */ = {
			isa = PBXGroup;
			children = (
				8257775D282BD9AD001695B6 /* DescriptionTextView.swift */,
				82577761282BFF79001695B6 /* MovieAdditionalInfoView.swift */,
				82577764282C0098001695B6 /* MovieAdditionalInfoTextView.swift */,
			);
			path = DetailedInfoSubviews;
			sourceTree = "<group>";
		};
		8279061F28251333000BA6AA /* Constants */ = {
			isa = PBXGroup;
			children = (
				827906202825135E000BA6AA /* Constants.swift */,
			);
			path = Constants;
			sourceTree = "<group>";
		};
		8279062428251377000BA6AA /* Extensions */ = {
			isa = PBXGroup;
			children = (
				827906252825139F000BA6AA /* Extensions.swift */,
				827906342825447B000BA6AA /* UIViewController+Preview.swift */,
				827906372825448B000BA6AA /* UIView+Preview.swift */,
			);
			path = Extensions;
			sourceTree = "<group>";
		};
		82790629282537A5000BA6AA /* BasicInfoView */ = {
			isa = PBXGroup;
			children = (
				8279062D28253B55000BA6AA /* BasicInfoViewSubviews */,
				8279062A282537B8000BA6AA /* BasicInfoView.swift */,
			);
			path = BasicInfoView;
			sourceTree = "<group>";
		};
		8279062D28253B55000BA6AA /* BasicInfoViewSubviews */ = {
			isa = PBXGroup;
			children = (
				8279065828256CBD000BA6AA /* KPRatingView */,
				8279063A28254841000BA6AA /* MovieTypeLabel.swift */,
				8279064528254EB1000BA6AA /* MovieTitleLabel.swift */,
				82790648282551FD000BA6AA /* MovieYearLabel.swift */,
				8279064B28255254000BA6AA /* MovieAgeLabel.swift */,
				8279064E282552D6000BA6AA /* MovieQualityLabel.swift */,
				8279065E2825704A000BA6AA /* ImdbRatingLabel.swift */,
				8279066128257121000BA6AA /* MovieDurationLabel.swift */,
				82790664282573B5000BA6AA /* MovieHighlightsView.swift */,
				82790667282573E3000BA6AA /* FilmHighlightsView.swift */,
			);
			path = BasicInfoViewSubviews;
			sourceTree = "<group>";
		};
		8279062F28253CE3000BA6AA /* MainInfoView */ = {
			isa = PBXGroup;
			children = (
				82117F01282CE8CF001DFC2F /* InfoButtonsBarView */,
				82649FB92826A9CB00600880 /* DetailedInfoView */,
				82790629282537A5000BA6AA /* BasicInfoView */,
				8279063028253CFB000BA6AA /* MainInfoView.swift */,
			);
			path = MainInfoView;
			sourceTree = "<group>";
		};
		8279063D28254D80000BA6AA /* Resources */ = {
			isa = PBXGroup;
			children = (
				8279063E28254D96000BA6AA /* Roboto-Light.ttf */,
				8279064028254D96000BA6AA /* Roboto-Medium.ttf */,
				8279063F28254D96000BA6AA /* Roboto-Thin.ttf */,
			);
			path = Resources;
			sourceTree = "<group>";
		};
		8279065828256CBD000BA6AA /* KPRatingView */ = {
			isa = PBXGroup;
			children = (
				8279065928256CCA000BA6AA /* KPRatingSubviews */,
				8279065B28256DE1000BA6AA /* KPRatingView.swift */,
			);
			path = KPRatingView;
			sourceTree = "<group>";
		};
		8279065928256CCA000BA6AA /* KPRatingSubviews */ = {
			isa = PBXGroup;
			children = (
				82790651282553B0000BA6AA /* KPRatingLabel.swift */,
				8279065428255702000BA6AA /* KPRatingGradientView.swift */,
			);
			path = KPRatingSubviews;
			sourceTree = "<group>";
		};
		82A378BE2823E0FD00ADB687 = {
			isa = PBXGroup;
			children = (
				82A378C92823E0FD00ADB687 /* custom_view_examples */,
				82A378C82823E0FD00ADB687 /* Products */,
				CA655F7132A35FFDF027BB23 /* Pods */,
				E84B15E354B1E363A76E57D8 /* Frameworks */,
			);
			sourceTree = "<group>";
		};
		82A378C82823E0FD00ADB687 /* Products */ = {
			isa = PBXGroup;
			children = (
				82A378C72823E0FD00ADB687 /* custom_view_examples.app */,
			);
			name = Products;
			sourceTree = "<group>";
		};
		82A378C92823E0FD00ADB687 /* custom_view_examples */ = {
			isa = PBXGroup;
			children = (
				825414A0282E7416002520D6 /* DropdownListView */,
				82541488282E4602002520D6 /* AdditionalInfoSubviews */,
				8279063D28254D80000BA6AA /* Resources */,
				8279062F28253CE3000BA6AA /* MainInfoView */,
				8279062428251377000BA6AA /* Extensions */,
				8279061F28251333000BA6AA /* Constants */,
				82A378CA2823E0FD00ADB687 /* AppDelegate.swift */,
				82A378CC2823E0FD00ADB687 /* SceneDelegate.swift */,
				82A378CE2823E0FD00ADB687 /* ViewController.swift */,
				82A378D32823E0FF00ADB687 /* Assets.xcassets */,
				82A378D52823E0FF00ADB687 /* LaunchScreen.storyboard */,
				82A378D82823E0FF00ADB687 /* Info.plist */,
			);
			path = custom_view_examples;
			sourceTree = "<group>";
		};
		CA655F7132A35FFDF027BB23 /* Pods */ = {
			isa = PBXGroup;
			children = (
				700D22BDB2DB0A27B70760F5 /* Pods-custom_view_examples.debug.xcconfig */,
				38B0314699661BBCC4F51A0D /* Pods-custom_view_examples.release.xcconfig */,
			);
			path = Pods;
			sourceTree = "<group>";
		};
		E84B15E354B1E363A76E57D8 /* Frameworks */ = {
			isa = PBXGroup;
			children = (
				C40171A6111587027ED9EAA2 /* Pods_custom_view_examples.framework */,
			);
			name = Frameworks;
			sourceTree = "<group>";
		};
/* End PBXGroup section */

/* Begin PBXNativeTarget section */
		82A378C62823E0FD00ADB687 /* custom_view_examples */ = {
			isa = PBXNativeTarget;
			buildConfigurationList = 82A378DB2823E0FF00ADB687 /* Build configuration list for PBXNativeTarget "custom_view_examples" */;
			buildPhases = (
				68BBC65ADBA2A671A0E58CF8 /* [CP] Check Pods Manifest.lock */,
				82A378C32823E0FD00ADB687 /* Sources */,
				82A378C42823E0FD00ADB687 /* Frameworks */,
				82A378C52823E0FD00ADB687 /* Resources */,
				5983821FCC82C8F9A535833C /* [CP] Embed Pods Frameworks */,
			);
			buildRules = (
			);
			dependencies = (
			);
			name = custom_view_examples;
			productName = custom_view_examples;
			productReference = 82A378C72823E0FD00ADB687 /* custom_view_examples.app */;
			productType = "com.apple.product-type.application";
		};
/* End PBXNativeTarget section */

/* Begin PBXProject section */
		82A378BF2823E0FD00ADB687 /* Project object */ = {
			isa = PBXProject;
			attributes = {
				LastSwiftUpdateCheck = 1240;
				LastUpgradeCheck = 1240;
				TargetAttributes = {
					82A378C62823E0FD00ADB687 = {
						CreatedOnToolsVersion = 12.4;
					};
				};
			};
			buildConfigurationList = 82A378C22823E0FD00ADB687 /* Build configuration list for PBXProject "custom_view_examples" */;
			compatibilityVersion = "Xcode 9.3";
			developmentRegion = en;
			hasScannedForEncodings = 0;
			knownRegions = (
				en,
				Base,
			);
			mainGroup = 82A378BE2823E0FD00ADB687;
			productRefGroup = 82A378C82823E0FD00ADB687 /* Products */;
			projectDirPath = "";
			projectRoot = "";
			targets = (
				82A378C62823E0FD00ADB687 /* custom_view_examples */,
			);
		};
/* End PBXProject section */

/* Begin PBXResourcesBuildPhase section */
		82A378C52823E0FD00ADB687 /* Resources */ = {
			isa = PBXResourcesBuildPhase;
			buildActionMask = 2147483647;
			files = (
				8279064328254D97000BA6AA /* Roboto-Medium.ttf in Resources */,
				8279064228254D96000BA6AA /* Roboto-Thin.ttf in Resources */,
				82A378D72823E0FF00ADB687 /* LaunchScreen.storyboard in Resources */,
				82A378D42823E0FF00ADB687 /* Assets.xcassets in Resources */,
				8279064128254D96000BA6AA /* Roboto-Light.ttf in Resources */,
			);
			runOnlyForDeploymentPostprocessing = 0;
		};
/* End PBXResourcesBuildPhase section */

/* Begin PBXShellScriptBuildPhase section */
		5983821FCC82C8F9A535833C /* [CP] Embed Pods Frameworks */ = {
			isa = PBXShellScriptBuildPhase;
			buildActionMask = 2147483647;
			files = (
			);
			inputFileListPaths = (
				"${PODS_ROOT}/Target Support Files/Pods-custom_view_examples/Pods-custom_view_examples-frameworks-${CONFIGURATION}-input-files.xcfilelist",
			);
			name = "[CP] Embed Pods Frameworks";
			outputFileListPaths = (
				"${PODS_ROOT}/Target Support Files/Pods-custom_view_examples/Pods-custom_view_examples-frameworks-${CONFIGURATION}-output-files.xcfilelist",
			);
			runOnlyForDeploymentPostprocessing = 0;
			shellPath = /bin/sh;
			shellScript = "\"${PODS_ROOT}/Target Support Files/Pods-custom_view_examples/Pods-custom_view_examples-frameworks.sh\"\n";
			showEnvVarsInLog = 0;
		};
		68BBC65ADBA2A671A0E58CF8 /* [CP] Check Pods Manifest.lock */ = {
			isa = PBXShellScriptBuildPhase;
			buildActionMask = 2147483647;
			files = (
			);
			inputFileListPaths = (
			);
			inputPaths = (
				"${PODS_PODFILE_DIR_PATH}/Podfile.lock",
				"${PODS_ROOT}/Manifest.lock",
			);
			name = "[CP] Check Pods Manifest.lock";
			outputFileListPaths = (
			);
			outputPaths = (
				"$(DERIVED_FILE_DIR)/Pods-custom_view_examples-checkManifestLockResult.txt",
			);
			runOnlyForDeploymentPostprocessing = 0;
			shellPath = /bin/sh;
			shellScript = "diff \"${PODS_PODFILE_DIR_PATH}/Podfile.lock\" \"${PODS_ROOT}/Manifest.lock\" > /dev/null\nif [ $? != 0 ] ; then\n    # print error to STDERR\n    echo \"error: The sandbox is not in sync with the Podfile.lock. Run 'pod install' or update your CocoaPods installation.\" >&2\n    exit 1\nfi\n# This output is used by Xcode 'outputs' to avoid re-running this script phase.\necho \"SUCCESS\" > \"${SCRIPT_OUTPUT_FILE_0}\"\n";
			showEnvVarsInLog = 0;
		};
/* End PBXShellScriptBuildPhase section */

/* Begin PBXSourcesBuildPhase section */
		82A378C32823E0FD00ADB687 /* Sources */ = {
			isa = PBXSourcesBuildPhase;
			buildActionMask = 2147483647;
			files = (
				827906262825139F000BA6AA /* Extensions.swift in Sources */,
				8279064C28255254000BA6AA /* MovieAgeLabel.swift in Sources */,
				8279065C28256DE1000BA6AA /* KPRatingView.swift in Sources */,
				82790668282573E3000BA6AA /* FilmHighlightsView.swift in Sources */,
				82649FBB2826A9F400600880 /* DetailedInfoView.swift in Sources */,
				82A378CF2823E0FD00ADB687 /* ViewController.swift in Sources */,
				82541498282E4788002520D6 /* SpinnerView.swift in Sources */,
				827906382825448B000BA6AA /* UIView+Preview.swift in Sources */,
				8257775E282BD9AE001695B6 /* DescriptionTextView.swift in Sources */,
				82577762282BFF79001695B6 /* MovieAdditionalInfoView.swift in Sources */,
				8279065F2825704A000BA6AA /* ImdbRatingLabel.swift in Sources */,
				82A378CB2823E0FD00ADB687 /* AppDelegate.swift in Sources */,
				82541495282E4770002520D6 /* ImageViewEXT.swift in Sources */,
				8279066228257121000BA6AA /* MovieDurationLabel.swift in Sources */,
				82117F03282CE8F7001DFC2F /* InfoButtonsBarView.swift in Sources */,
				82117F09282CF1EB001DFC2F /* ImageButton.swift in Sources */,
				82577765282C0098001695B6 /* MovieAdditionalInfoTextView.swift in Sources */,
				8254148F282E4714002520D6 /* MovieCell.swift in Sources */,
				827906352825447B000BA6AA /* UIViewController+Preview.swift in Sources */,
				8279063B28254841000BA6AA /* MovieTypeLabel.swift in Sources */,
				82A378CD2823E0FD00ADB687 /* SceneDelegate.swift in Sources */,
				8279065528255702000BA6AA /* KPRatingGradientView.swift in Sources */,
				827906212825135E000BA6AA /* Constants.swift in Sources */,
				825414A2282E7429002520D6 /* DropdownListView.swift in Sources */,
				8279064F282552D6000BA6AA /* MovieQualityLabel.swift in Sources */,
				825414AC282E9127002520D6 /* DrowdownTableViewCell.swift in Sources */,
				82790665282573B5000BA6AA /* MovieHighlightsView.swift in Sources */,
				82790649282551FD000BA6AA /* MovieYearLabel.swift in Sources */,
				8254148A282E4638002520D6 /* InfoRecommendationView.swift in Sources */,
				8279063128253CFB000BA6AA /* MainInfoView.swift in Sources */,
				8279064628254EB1000BA6AA /* MovieTitleLabel.swift in Sources */,
				8279062B282537B8000BA6AA /* BasicInfoView.swift in Sources */,
				82541492282E4733002520D6 /* BaseCell.swift in Sources */,
				82790652282553B0000BA6AA /* KPRatingLabel.swift in Sources */,
			);
			runOnlyForDeploymentPostprocessing = 0;
		};
/* End PBXSourcesBuildPhase section */

/* Begin PBXVariantGroup section */
		82A378D52823E0FF00ADB687 /* LaunchScreen.storyboard */ = {
			isa = PBXVariantGroup;
			children = (
				82A378D62823E0FF00ADB687 /* Base */,
			);
			name = LaunchScreen.storyboard;
			sourceTree = "<group>";
		};
/* End PBXVariantGroup section */

/* Begin XCBuildConfiguration section */
		82A378D92823E0FF00ADB687 /* Debug */ = {
			isa = XCBuildConfiguration;
			buildSettings = {
				ALWAYS_SEARCH_USER_PATHS = NO;
				CLANG_ANALYZER_NONNULL = YES;
				CLANG_ANALYZER_NUMBER_OBJECT_CONVERSION = YES_AGGRESSIVE;
				CLANG_CXX_LANGUAGE_STANDARD = "gnu++14";
				CLANG_CXX_LIBRARY = "libc++";
				CLANG_ENABLE_MODULES = YES;
				CLANG_ENABLE_OBJC_ARC = YES;
				CLANG_ENABLE_OBJC_WEAK = YES;
				CLANG_WARN_BLOCK_CAPTURE_AUTORELEASING = YES;
				CLANG_WARN_BOOL_CONVERSION = YES;
				CLANG_WARN_COMMA = YES;
				CLANG_WARN_CONSTANT_CONVERSION = YES;
				CLANG_WARN_DEPRECATED_OBJC_IMPLEMENTATIONS = YES;
				CLANG_WARN_DIRECT_OBJC_ISA_USAGE = YES_ERROR;
				CLANG_WARN_DOCUMENTATION_COMMENTS = YES;
				CLANG_WARN_EMPTY_BODY = YES;
				CLANG_WARN_ENUM_CONVERSION = YES;
				CLANG_WARN_INFINITE_RECURSION = YES;
				CLANG_WARN_INT_CONVERSION = YES;
				CLANG_WARN_NON_LITERAL_NULL_CONVERSION = YES;
				CLANG_WARN_OBJC_IMPLICIT_RETAIN_SELF = YES;
				CLANG_WARN_OBJC_LITERAL_CONVERSION = YES;
				CLANG_WARN_OBJC_ROOT_CLASS = YES_ERROR;
				CLANG_WARN_QUOTED_INCLUDE_IN_FRAMEWORK_HEADER = YES;
				CLANG_WARN_RANGE_LOOP_ANALYSIS = YES;
				CLANG_WARN_STRICT_PROTOTYPES = YES;
				CLANG_WARN_SUSPICIOUS_MOVE = YES;
				CLANG_WARN_UNGUARDED_AVAILABILITY = YES_AGGRESSIVE;
				CLANG_WARN_UNREACHABLE_CODE = YES;
				CLANG_WARN__DUPLICATE_METHOD_MATCH = YES;
				COPY_PHASE_STRIP = NO;
				DEBUG_INFORMATION_FORMAT = dwarf;
				ENABLE_STRICT_OBJC_MSGSEND = YES;
				ENABLE_TESTABILITY = YES;
				GCC_C_LANGUAGE_STANDARD = gnu11;
				GCC_DYNAMIC_NO_PIC = NO;
				GCC_NO_COMMON_BLOCKS = YES;
				GCC_OPTIMIZATION_LEVEL = 0;
				GCC_PREPROCESSOR_DEFINITIONS = (
					"DEBUG=1",
					"$(inherited)",
				);
				GCC_WARN_64_TO_32_BIT_CONVERSION = YES;
				GCC_WARN_ABOUT_RETURN_TYPE = YES_ERROR;
				GCC_WARN_UNDECLARED_SELECTOR = YES;
				GCC_WARN_UNINITIALIZED_AUTOS = YES_AGGRESSIVE;
				GCC_WARN_UNUSED_FUNCTION = YES;
				GCC_WARN_UNUSED_VARIABLE = YES;
				IPHONEOS_DEPLOYMENT_TARGET = 14.4;
				MTL_ENABLE_DEBUG_INFO = INCLUDE_SOURCE;
				MTL_FAST_MATH = YES;
				ONLY_ACTIVE_ARCH = YES;
				SDKROOT = iphoneos;
				SWIFT_ACTIVE_COMPILATION_CONDITIONS = DEBUG;
				SWIFT_OPTIMIZATION_LEVEL = "-Onone";
			};
			name = Debug;
		};
		82A378DA2823E0FF00ADB687 /* Release */ = {
			isa = XCBuildConfiguration;
			buildSettings = {
				ALWAYS_SEARCH_USER_PATHS = NO;
				CLANG_ANALYZER_NONNULL = YES;
				CLANG_ANALYZER_NUMBER_OBJECT_CONVERSION = YES_AGGRESSIVE;
				CLANG_CXX_LANGUAGE_STANDARD = "gnu++14";
				CLANG_CXX_LIBRARY = "libc++";
				CLANG_ENABLE_MODULES = YES;
				CLANG_ENABLE_OBJC_ARC = YES;
				CLANG_ENABLE_OBJC_WEAK = YES;
				CLANG_WARN_BLOCK_CAPTURE_AUTORELEASING = YES;
				CLANG_WARN_BOOL_CONVERSION = YES;
				CLANG_WARN_COMMA = YES;
				CLANG_WARN_CONSTANT_CONVERSION = YES;
				CLANG_WARN_DEPRECATED_OBJC_IMPLEMENTATIONS = YES;
				CLANG_WARN_DIRECT_OBJC_ISA_USAGE = YES_ERROR;
				CLANG_WARN_DOCUMENTATION_COMMENTS = YES;
				CLANG_WARN_EMPTY_BODY = YES;
				CLANG_WARN_ENUM_CONVERSION = YES;
				CLANG_WARN_INFINITE_RECURSION = YES;
				CLANG_WARN_INT_CONVERSION = YES;
				CLANG_WARN_NON_LITERAL_NULL_CONVERSION = YES;
				CLANG_WARN_OBJC_IMPLICIT_RETAIN_SELF = YES;
				CLANG_WARN_OBJC_LITERAL_CONVERSION = YES;
				CLANG_WARN_OBJC_ROOT_CLASS = YES_ERROR;
				CLANG_WARN_QUOTED_INCLUDE_IN_FRAMEWORK_HEADER = YES;
				CLANG_WARN_RANGE_LOOP_ANALYSIS = YES;
				CLANG_WARN_STRICT_PROTOTYPES = YES;
				CLANG_WARN_SUSPICIOUS_MOVE = YES;
				CLANG_WARN_UNGUARDED_AVAILABILITY = YES_AGGRESSIVE;
				CLANG_WARN_UNREACHABLE_CODE = YES;
				CLANG_WARN__DUPLICATE_METHOD_MATCH = YES;
				COPY_PHASE_STRIP = NO;
				DEBUG_INFORMATION_FORMAT = "dwarf-with-dsym";
				ENABLE_NS_ASSERTIONS = NO;
				ENABLE_STRICT_OBJC_MSGSEND = YES;
				GCC_C_LANGUAGE_STANDARD = gnu11;
				GCC_NO_COMMON_BLOCKS = YES;
				GCC_WARN_64_TO_32_BIT_CONVERSION = YES;
				GCC_WARN_ABOUT_RETURN_TYPE = YES_ERROR;
				GCC_WARN_UNDECLARED_SELECTOR = YES;
				GCC_WARN_UNINITIALIZED_AUTOS = YES_AGGRESSIVE;
				GCC_WARN_UNUSED_FUNCTION = YES;
				GCC_WARN_UNUSED_VARIABLE = YES;
				IPHONEOS_DEPLOYMENT_TARGET = 14.4;
				MTL_ENABLE_DEBUG_INFO = NO;
				MTL_FAST_MATH = YES;
				SDKROOT = iphoneos;
				SWIFT_COMPILATION_MODE = wholemodule;
				SWIFT_OPTIMIZATION_LEVEL = "-O";
				VALIDATE_PRODUCT = YES;
			};
			name = Release;
		};
		82A378DC2823E0FF00ADB687 /* Debug */ = {
			isa = XCBuildConfiguration;
			baseConfigurationReference = 700D22BDB2DB0A27B70760F5 /* Pods-custom_view_examples.debug.xcconfig */;
			buildSettings = {
				ASSETCATALOG_COMPILER_APPICON_NAME = AppIcon;
				ASSETCATALOG_COMPILER_GLOBAL_ACCENT_COLOR_NAME = AccentColor;
				CODE_SIGN_STYLE = Automatic;
				DEVELOPMENT_TEAM = H2B97KAT4Q;
				INFOPLIST_FILE = custom_view_examples/Info.plist;
				IPHONEOS_DEPLOYMENT_TARGET = 10.0;
				LD_RUNPATH_SEARCH_PATHS = (
					"$(inherited)",
					"@executable_path/Frameworks",
				);
				PRODUCT_BUNDLE_IDENTIFIER = "com.ahmet.test.custom-view-examples";
				PRODUCT_NAME = "$(TARGET_NAME)";
				SWIFT_VERSION = 5.0;
				TARGETED_DEVICE_FAMILY = "1,2";
			};
			name = Debug;
		};
		82A378DD2823E0FF00ADB687 /* Release */ = {
			isa = XCBuildConfiguration;
			baseConfigurationReference = 38B0314699661BBCC4F51A0D /* Pods-custom_view_examples.release.xcconfig */;
			buildSettings = {
				ASSETCATALOG_COMPILER_APPICON_NAME = AppIcon;
				ASSETCATALOG_COMPILER_GLOBAL_ACCENT_COLOR_NAME = AccentColor;
				CODE_SIGN_STYLE = Automatic;
				DEVELOPMENT_TEAM = H2B97KAT4Q;
				INFOPLIST_FILE = custom_view_examples/Info.plist;
				IPHONEOS_DEPLOYMENT_TARGET = 10.0;
				LD_RUNPATH_SEARCH_PATHS = (
					"$(inherited)",
					"@executable_path/Frameworks",
				);
				PRODUCT_BUNDLE_IDENTIFIER = "com.ahmet.test.custom-view-examples";
				PRODUCT_NAME = "$(TARGET_NAME)";
				SWIFT_VERSION = 5.0;
				TARGETED_DEVICE_FAMILY = "1,2";
			};
			name = Release;
		};
/* End XCBuildConfiguration section */

/* Begin XCConfigurationList section */
		82A378C22823E0FD00ADB687 /* Build configuration list for PBXProject "custom_view_examples" */ = {
			isa = XCConfigurationList;
			buildConfigurations = (
				82A378D92823E0FF00ADB687 /* Debug */,
				82A378DA2823E0FF00ADB687 /* Release */,
			);
			defaultConfigurationIsVisible = 0;
			defaultConfigurationName = Release;
		};
		82A378DB2823E0FF00ADB687 /* Build configuration list for PBXNativeTarget "custom_view_examples" */ = {
			isa = XCConfigurationList;
			buildConfigurations = (
				82A378DC2823E0FF00ADB687 /* Debug */,
				82A378DD2823E0FF00ADB687 /* Release */,
			);
			defaultConfigurationIsVisible = 0;
			defaultConfigurationName = Release;
		};
/* End XCConfigurationList section */
	};
	rootObject = 82A378BF2823E0FD00ADB687 /* Project object */;
}
